// !$*UTF8*$!
{
	archiveVersion = 1;
	classes = {
	};
	objectVersion = 56;
	objects = {

/* Begin PBXBuildFile section */
		4ED36C192BD36C9E00791861 /* HappyBookApp.swift in Sources */ = {isa = PBXBuildFile; fileRef = 4ED36C182BD36C9E00791861 /* HappyBookApp.swift */; };
		4ED36C1D2BD36C9F00791861 /* Assets.xcassets in Resources */ = {isa = PBXBuildFile; fileRef = 4ED36C1C2BD36C9F00791861 /* Assets.xcassets */; };
		4ED36C202BD36C9F00791861 /* Preview Assets.xcassets in Resources */ = {isa = PBXBuildFile; fileRef = 4ED36C1F2BD36C9F00791861 /* Preview Assets.xcassets */; };
		4ED36C2A2BD36CA000791861 /* HappyBookTests.swift in Sources */ = {isa = PBXBuildFile; fileRef = 4ED36C292BD36CA000791861 /* HappyBookTests.swift */; };
		4ED36C342BD36CA000791861 /* HappyBookUITests.swift in Sources */ = {isa = PBXBuildFile; fileRef = 4ED36C332BD36CA000791861 /* HappyBookUITests.swift */; };
		4ED36C362BD36CA000791861 /* HappyBookUITestsLaunchTests.swift in Sources */ = {isa = PBXBuildFile; fileRef = 4ED36C352BD36CA000791861 /* HappyBookUITestsLaunchTests.swift */; };
		4ED36C4A2BD37FF700791861 /* ColorExtension.swift in Sources */ = {isa = PBXBuildFile; fileRef = 4ED36C492BD37FF700791861 /* ColorExtension.swift */; };
		4ED36C4F2BD3869500791861 /* LoginView.swift in Sources */ = {isa = PBXBuildFile; fileRef = 4ED36C4E2BD3869500791861 /* LoginView.swift */; };
		4ED36C512BD386D100791861 /* MainTabView.swift in Sources */ = {isa = PBXBuildFile; fileRef = 4ED36C502BD386D100791861 /* MainTabView.swift */; };
		4ED36C5B2BD3925500791861 /* KakaoSDK in Frameworks */ = {isa = PBXBuildFile; productRef = 4ED36C5A2BD3925500791861 /* KakaoSDK */; };
		4ED36C5D2BD3963700791861 /* KakaoSignInButton.swift in Sources */ = {isa = PBXBuildFile; fileRef = 4ED36C5C2BD3963700791861 /* KakaoSignInButton.swift */; };
		4ED36C5F2BD41E9A00791861 /* AccountView.swift in Sources */ = {isa = PBXBuildFile; fileRef = 4ED36C5E2BD41E9A00791861 /* AccountView.swift */; };
		4ED36C612BD41EA400791861 /* StatisticsView.swift in Sources */ = {isa = PBXBuildFile; fileRef = 4ED36C602BD41EA400791861 /* StatisticsView.swift */; };
		4ED36C632BD41EB000791861 /* AssetView.swift in Sources */ = {isa = PBXBuildFile; fileRef = 4ED36C622BD41EB000791861 /* AssetView.swift */; };
		4ED36C652BD41EB600791861 /* MoreView.swift in Sources */ = {isa = PBXBuildFile; fileRef = 4ED36C642BD41EB600791861 /* MoreView.swift */; };
		4ED36C682BD41FF200791861 /* Symbol.swift in Sources */ = {isa = PBXBuildFile; fileRef = 4ED36C672BD41FF200791861 /* Symbol.swift */; };
		4ED36C6A2BD4E91900791861 /* AccountRow.swift in Sources */ = {isa = PBXBuildFile; fileRef = 4ED36C692BD4E91900791861 /* AccountRow.swift */; };
		4ED36C6F2BD530C200791861 /* CalendarPopup.swift in Sources */ = {isa = PBXBuildFile; fileRef = 4ED36C6E2BD530C200791861 /* CalendarPopup.swift */; };
		4ED36C732BD69D8100791861 /* InsertAccountView.swift in Sources */ = {isa = PBXBuildFile; fileRef = 4ED36C722BD69D8100791861 /* InsertAccountView.swift */; };
		4ED36C772BD7ECE400791861 /* KeyboardExtension.swift in Sources */ = {isa = PBXBuildFile; fileRef = 4ED36C762BD7ECE400791861 /* KeyboardExtension.swift */; };
		4ED36C792BDA858E00791861 /* Account.swift in Sources */ = {isa = PBXBuildFile; fileRef = 4ED36C782BDA858E00791861 /* Account.swift */; };
		4ED36C7E2BDA888700791861 /* DivisionData.json in Resources */ = {isa = PBXBuildFile; fileRef = 4ED36C7D2BDA888700791861 /* DivisionData.json */; };
		4ED36C802BDA89C100791861 /* Asset.swift in Sources */ = {isa = PBXBuildFile; fileRef = 4ED36C7F2BDA89C100791861 /* Asset.swift */; };
		4ED36C822BDA96E900791861 /* Division.swift in Sources */ = {isa = PBXBuildFile; fileRef = 4ED36C812BDA96E900791861 /* Division.swift */; };
		4ED36C842BDA998B00791861 /* Store.swift in Sources */ = {isa = PBXBuildFile; fileRef = 4ED36C832BDA998B00791861 /* Store.swift */; };
		4ED36C862BDA9A1700791861 /* BundleExtension.swift in Sources */ = {isa = PBXBuildFile; fileRef = 4ED36C852BDA9A1700791861 /* BundleExtension.swift */; };
		4ED36C892BDBEB0700791861 /* InsertAccountNavigationView.swift in Sources */ = {isa = PBXBuildFile; fileRef = 4ED36C882BDBEB0700791861 /* InsertAccountNavigationView.swift */; };
		4ED36C8B2BDBEC5700791861 /* InsertAccountContentsView.swift in Sources */ = {isa = PBXBuildFile; fileRef = 4ED36C8A2BDBEC5700791861 /* InsertAccountContentsView.swift */; };
		4ED36C8D2BDBF2DA00791861 /* DateInputView.swift in Sources */ = {isa = PBXBuildFile; fileRef = 4ED36C8C2BDBF2DA00791861 /* DateInputView.swift */; };
		4ED36C8F2BDBF34500791861 /* PriceInputView.swift in Sources */ = {isa = PBXBuildFile; fileRef = 4ED36C8E2BDBF34500791861 /* PriceInputView.swift */; };
		4ED36C912BDBF5E700791861 /* DivisionInputView.swift in Sources */ = {isa = PBXBuildFile; fileRef = 4ED36C902BDBF5E700791861 /* DivisionInputView.swift */; };
		4ED36C932BDBF66900791861 /* DivisionModalView.swift in Sources */ = {isa = PBXBuildFile; fileRef = 4ED36C922BDBF66900791861 /* DivisionModalView.swift */; };
		4ED36C952BDBF6A700791861 /* DIvisionCategoryButton.swift in Sources */ = {isa = PBXBuildFile; fileRef = 4ED36C942BDBF6A700791861 /* DIvisionCategoryButton.swift */; };
		4ED36C972BDBF83E00791861 /* AssetInputView.swift in Sources */ = {isa = PBXBuildFile; fileRef = 4ED36C962BDBF83E00791861 /* AssetInputView.swift */; };
		4ED36C992BDBF89600791861 /* AssetModalView.swift in Sources */ = {isa = PBXBuildFile; fileRef = 4ED36C982BDBF89600791861 /* AssetModalView.swift */; };
		4ED36C9B2BDBF8B100791861 /* AssetCategoryButton.swift in Sources */ = {isa = PBXBuildFile; fileRef = 4ED36C9A2BDBF8B100791861 /* AssetCategoryButton.swift */; };
		4ED36C9D2BDBF97D00791861 /* ContentsInputView.swift in Sources */ = {isa = PBXBuildFile; fileRef = 4ED36C9C2BDBF97D00791861 /* ContentsInputView.swift */; };
		4ED36C9F2BDBF9ED00791861 /* MemoInputView.swift in Sources */ = {isa = PBXBuildFile; fileRef = 4ED36C9E2BDBF9ED00791861 /* MemoInputView.swift */; };
		4ED36CA12BDBFA5000791861 /* SaveButtonView.swift in Sources */ = {isa = PBXBuildFile; fileRef = 4ED36CA02BDBFA5000791861 /* SaveButtonView.swift */; };
		4ED36CA32BDD0CC500791861 /* DateExtension.swift in Sources */ = {isa = PBXBuildFile; fileRef = 4ED36CA22BDD0CC500791861 /* DateExtension.swift */; };
		4ED36CA52BDD0F5800791861 /* AccountTabMenuView.swift in Sources */ = {isa = PBXBuildFile; fileRef = 4ED36CA42BDD0F5800791861 /* AccountTabMenuView.swift */; };
		4ED36CA92BDD119300791861 /* DividerView.swift in Sources */ = {isa = PBXBuildFile; fileRef = 4ED36CA82BDD119300791861 /* DividerView.swift */; };
		4ED36CAB2BDD130200791861 /* AccountFloatingButtonView.swift in Sources */ = {isa = PBXBuildFile; fileRef = 4ED36CAA2BDD130200791861 /* AccountFloatingButtonView.swift */; };
		4ED36CAD2BDD2F9600791861 /* TabInfo.swift in Sources */ = {isa = PBXBuildFile; fileRef = 4ED36CAC2BDD2F9600791861 /* TabInfo.swift */; };
		4ED36CAF2BDFB86F00791861 /* UserAccount.swift in Sources */ = {isa = PBXBuildFile; fileRef = 4ED36CAE2BDFB86F00791861 /* UserAccount.swift */; };
		4ED36CB12BDFC31800791861 /* DailyAccount.swift in Sources */ = {isa = PBXBuildFile; fileRef = 4ED36CB02BDFC31800791861 /* DailyAccount.swift */; };
/* End PBXBuildFile section */

/* Begin PBXContainerItemProxy section */
		4ED36C262BD36CA000791861 /* PBXContainerItemProxy */ = {
			isa = PBXContainerItemProxy;
			containerPortal = 4ED36C0D2BD36C9E00791861 /* Project object */;
			proxyType = 1;
			remoteGlobalIDString = 4ED36C142BD36C9E00791861;
			remoteInfo = HappyBook;
		};
		4ED36C302BD36CA000791861 /* PBXContainerItemProxy */ = {
			isa = PBXContainerItemProxy;
			containerPortal = 4ED36C0D2BD36C9E00791861 /* Project object */;
			proxyType = 1;
			remoteGlobalIDString = 4ED36C142BD36C9E00791861;
			remoteInfo = HappyBook;
		};
/* End PBXContainerItemProxy section */

/* Begin PBXFileReference section */
		4ED36C152BD36C9E00791861 /* HappyBook.app */ = {isa = PBXFileReference; explicitFileType = wrapper.application; includeInIndex = 0; path = HappyBook.app; sourceTree = BUILT_PRODUCTS_DIR; };
		4ED36C182BD36C9E00791861 /* HappyBookApp.swift */ = {isa = PBXFileReference; lastKnownFileType = sourcecode.swift; path = HappyBookApp.swift; sourceTree = "<group>"; };
		4ED36C1C2BD36C9F00791861 /* Assets.xcassets */ = {isa = PBXFileReference; lastKnownFileType = folder.assetcatalog; path = Assets.xcassets; sourceTree = "<group>"; };
		4ED36C1F2BD36C9F00791861 /* Preview Assets.xcassets */ = {isa = PBXFileReference; lastKnownFileType = folder.assetcatalog; path = "Preview Assets.xcassets"; sourceTree = "<group>"; };
		4ED36C252BD36CA000791861 /* HappyBookTests.xctest */ = {isa = PBXFileReference; explicitFileType = wrapper.cfbundle; includeInIndex = 0; path = HappyBookTests.xctest; sourceTree = BUILT_PRODUCTS_DIR; };
		4ED36C292BD36CA000791861 /* HappyBookTests.swift */ = {isa = PBXFileReference; lastKnownFileType = sourcecode.swift; path = HappyBookTests.swift; sourceTree = "<group>"; };
		4ED36C2F2BD36CA000791861 /* HappyBookUITests.xctest */ = {isa = PBXFileReference; explicitFileType = wrapper.cfbundle; includeInIndex = 0; path = HappyBookUITests.xctest; sourceTree = BUILT_PRODUCTS_DIR; };
		4ED36C332BD36CA000791861 /* HappyBookUITests.swift */ = {isa = PBXFileReference; lastKnownFileType = sourcecode.swift; path = HappyBookUITests.swift; sourceTree = "<group>"; };
		4ED36C352BD36CA000791861 /* HappyBookUITestsLaunchTests.swift */ = {isa = PBXFileReference; lastKnownFileType = sourcecode.swift; path = HappyBookUITestsLaunchTests.swift; sourceTree = "<group>"; };
		4ED36C492BD37FF700791861 /* ColorExtension.swift */ = {isa = PBXFileReference; lastKnownFileType = sourcecode.swift; path = ColorExtension.swift; sourceTree = "<group>"; };
		4ED36C4B2BD3822F00791861 /* Info.plist */ = {isa = PBXFileReference; lastKnownFileType = text.plist.xml; path = Info.plist; sourceTree = "<group>"; };
		4ED36C4E2BD3869500791861 /* LoginView.swift */ = {isa = PBXFileReference; lastKnownFileType = sourcecode.swift; path = LoginView.swift; sourceTree = "<group>"; };
		4ED36C502BD386D100791861 /* MainTabView.swift */ = {isa = PBXFileReference; lastKnownFileType = sourcecode.swift; path = MainTabView.swift; sourceTree = "<group>"; };
		4ED36C5C2BD3963700791861 /* KakaoSignInButton.swift */ = {isa = PBXFileReference; lastKnownFileType = sourcecode.swift; path = KakaoSignInButton.swift; sourceTree = "<group>"; };
		4ED36C5E2BD41E9A00791861 /* AccountView.swift */ = {isa = PBXFileReference; lastKnownFileType = sourcecode.swift; path = AccountView.swift; sourceTree = "<group>"; };
		4ED36C602BD41EA400791861 /* StatisticsView.swift */ = {isa = PBXFileReference; lastKnownFileType = sourcecode.swift; path = StatisticsView.swift; sourceTree = "<group>"; };
		4ED36C622BD41EB000791861 /* AssetView.swift */ = {isa = PBXFileReference; lastKnownFileType = sourcecode.swift; path = AssetView.swift; sourceTree = "<group>"; };
		4ED36C642BD41EB600791861 /* MoreView.swift */ = {isa = PBXFileReference; lastKnownFileType = sourcecode.swift; path = MoreView.swift; sourceTree = "<group>"; };
		4ED36C672BD41FF200791861 /* Symbol.swift */ = {isa = PBXFileReference; lastKnownFileType = sourcecode.swift; path = Symbol.swift; sourceTree = "<group>"; };
		4ED36C692BD4E91900791861 /* AccountRow.swift */ = {isa = PBXFileReference; lastKnownFileType = sourcecode.swift; path = AccountRow.swift; sourceTree = "<group>"; };
		4ED36C6E2BD530C200791861 /* CalendarPopup.swift */ = {isa = PBXFileReference; lastKnownFileType = sourcecode.swift; path = CalendarPopup.swift; sourceTree = "<group>"; };
		4ED36C722BD69D8100791861 /* InsertAccountView.swift */ = {isa = PBXFileReference; lastKnownFileType = sourcecode.swift; path = InsertAccountView.swift; sourceTree = "<group>"; };
		4ED36C762BD7ECE400791861 /* KeyboardExtension.swift */ = {isa = PBXFileReference; lastKnownFileType = sourcecode.swift; path = KeyboardExtension.swift; sourceTree = "<group>"; };
		4ED36C782BDA858E00791861 /* Account.swift */ = {isa = PBXFileReference; lastKnownFileType = sourcecode.swift; path = Account.swift; sourceTree = "<group>"; };
		4ED36C7D2BDA888700791861 /* DivisionData.json */ = {isa = PBXFileReference; lastKnownFileType = text.json; path = DivisionData.json; sourceTree = "<group>"; };
		4ED36C7F2BDA89C100791861 /* Asset.swift */ = {isa = PBXFileReference; lastKnownFileType = sourcecode.swift; path = Asset.swift; sourceTree = "<group>"; };
		4ED36C812BDA96E900791861 /* Division.swift */ = {isa = PBXFileReference; lastKnownFileType = sourcecode.swift; path = Division.swift; sourceTree = "<group>"; };
		4ED36C832BDA998B00791861 /* Store.swift */ = {isa = PBXFileReference; lastKnownFileType = sourcecode.swift; path = Store.swift; sourceTree = "<group>"; };
		4ED36C852BDA9A1700791861 /* BundleExtension.swift */ = {isa = PBXFileReference; lastKnownFileType = sourcecode.swift; path = BundleExtension.swift; sourceTree = "<group>"; };
		4ED36C882BDBEB0700791861 /* InsertAccountNavigationView.swift */ = {isa = PBXFileReference; lastKnownFileType = sourcecode.swift; path = InsertAccountNavigationView.swift; sourceTree = "<group>"; };
		4ED36C8A2BDBEC5700791861 /* InsertAccountContentsView.swift */ = {isa = PBXFileReference; lastKnownFileType = sourcecode.swift; path = InsertAccountContentsView.swift; sourceTree = "<group>"; };
		4ED36C8C2BDBF2DA00791861 /* DateInputView.swift */ = {isa = PBXFileReference; lastKnownFileType = sourcecode.swift; path = DateInputView.swift; sourceTree = "<group>"; };
		4ED36C8E2BDBF34500791861 /* PriceInputView.swift */ = {isa = PBXFileReference; lastKnownFileType = sourcecode.swift; path = PriceInputView.swift; sourceTree = "<group>"; };
		4ED36C902BDBF5E700791861 /* DivisionInputView.swift */ = {isa = PBXFileReference; lastKnownFileType = sourcecode.swift; path = DivisionInputView.swift; sourceTree = "<group>"; };
		4ED36C922BDBF66900791861 /* DivisionModalView.swift */ = {isa = PBXFileReference; lastKnownFileType = sourcecode.swift; path = DivisionModalView.swift; sourceTree = "<group>"; };
		4ED36C942BDBF6A700791861 /* DIvisionCategoryButton.swift */ = {isa = PBXFileReference; lastKnownFileType = sourcecode.swift; path = DIvisionCategoryButton.swift; sourceTree = "<group>"; };
		4ED36C962BDBF83E00791861 /* AssetInputView.swift */ = {isa = PBXFileReference; lastKnownFileType = sourcecode.swift; path = AssetInputView.swift; sourceTree = "<group>"; };
		4ED36C982BDBF89600791861 /* AssetModalView.swift */ = {isa = PBXFileReference; lastKnownFileType = sourcecode.swift; path = AssetModalView.swift; sourceTree = "<group>"; };
		4ED36C9A2BDBF8B100791861 /* AssetCategoryButton.swift */ = {isa = PBXFileReference; lastKnownFileType = sourcecode.swift; path = AssetCategoryButton.swift; sourceTree = "<group>"; };
		4ED36C9C2BDBF97D00791861 /* ContentsInputView.swift */ = {isa = PBXFileReference; lastKnownFileType = sourcecode.swift; path = ContentsInputView.swift; sourceTree = "<group>"; };
		4ED36C9E2BDBF9ED00791861 /* MemoInputView.swift */ = {isa = PBXFileReference; lastKnownFileType = sourcecode.swift; path = MemoInputView.swift; sourceTree = "<group>"; };
		4ED36CA02BDBFA5000791861 /* SaveButtonView.swift */ = {isa = PBXFileReference; lastKnownFileType = sourcecode.swift; path = SaveButtonView.swift; sourceTree = "<group>"; };
		4ED36CA22BDD0CC500791861 /* DateExtension.swift */ = {isa = PBXFileReference; lastKnownFileType = sourcecode.swift; path = DateExtension.swift; sourceTree = "<group>"; };
		4ED36CA42BDD0F5800791861 /* AccountTabMenuView.swift */ = {isa = PBXFileReference; lastKnownFileType = sourcecode.swift; path = AccountTabMenuView.swift; sourceTree = "<group>"; };
		4ED36CA82BDD119300791861 /* DividerView.swift */ = {isa = PBXFileReference; lastKnownFileType = sourcecode.swift; path = DividerView.swift; sourceTree = "<group>"; };
		4ED36CAA2BDD130200791861 /* AccountFloatingButtonView.swift */ = {isa = PBXFileReference; lastKnownFileType = sourcecode.swift; path = AccountFloatingButtonView.swift; sourceTree = "<group>"; };
		4ED36CAC2BDD2F9600791861 /* TabInfo.swift */ = {isa = PBXFileReference; lastKnownFileType = sourcecode.swift; path = TabInfo.swift; sourceTree = "<group>"; };
		4ED36CAE2BDFB86F00791861 /* UserAccount.swift */ = {isa = PBXFileReference; lastKnownFileType = sourcecode.swift; path = UserAccount.swift; sourceTree = "<group>"; };
		4ED36CB02BDFC31800791861 /* DailyAccount.swift */ = {isa = PBXFileReference; lastKnownFileType = sourcecode.swift; path = DailyAccount.swift; sourceTree = "<group>"; };
/* End PBXFileReference section */

/* Begin PBXFrameworksBuildPhase section */
		4ED36C122BD36C9E00791861 /* Frameworks */ = {
			isa = PBXFrameworksBuildPhase;
			buildActionMask = 2147483647;
			files = (
				4ED36C5B2BD3925500791861 /* KakaoSDK in Frameworks */,
			);
			runOnlyForDeploymentPostprocessing = 0;
		};
		4ED36C222BD36CA000791861 /* Frameworks */ = {
			isa = PBXFrameworksBuildPhase;
			buildActionMask = 2147483647;
			files = (
			);
			runOnlyForDeploymentPostprocessing = 0;
		};
		4ED36C2C2BD36CA000791861 /* Frameworks */ = {
			isa = PBXFrameworksBuildPhase;
			buildActionMask = 2147483647;
			files = (
			);
			runOnlyForDeploymentPostprocessing = 0;
		};
/* End PBXFrameworksBuildPhase section */

/* Begin PBXGroup section */
		4ED36C0C2BD36C9E00791861 = {
			isa = PBXGroup;
			children = (
				4ED36C172BD36C9E00791861 /* HappyBook */,
				4ED36C282BD36CA000791861 /* HappyBookTests */,
				4ED36C322BD36CA000791861 /* HappyBookUITests */,
				4ED36C162BD36C9E00791861 /* Products */,
			);
			sourceTree = "<group>";
		};
		4ED36C162BD36C9E00791861 /* Products */ = {
			isa = PBXGroup;
			children = (
				4ED36C152BD36C9E00791861 /* HappyBook.app */,
				4ED36C252BD36CA000791861 /* HappyBookTests.xctest */,
				4ED36C2F2BD36CA000791861 /* HappyBookUITests.xctest */,
			);
			name = Products;
			sourceTree = "<group>";
		};
		4ED36C172BD36C9E00791861 /* HappyBook */ = {
			isa = PBXGroup;
			children = (
				4ED36C442BD37BD600791861 /* Source */,
				4ED36C432BD37BC100791861 /* Resources */,
				4ED36C1E2BD36C9F00791861 /* Preview Content */,
				4ED36C4C2BD3848C00791861 /* Supporting Files */,
			);
			path = HappyBook;
			sourceTree = "<group>";
		};
		4ED36C1E2BD36C9F00791861 /* Preview Content */ = {
			isa = PBXGroup;
			children = (
				4ED36C1F2BD36C9F00791861 /* Preview Assets.xcassets */,
			);
			path = "Preview Content";
			sourceTree = "<group>";
		};
		4ED36C282BD36CA000791861 /* HappyBookTests */ = {
			isa = PBXGroup;
			children = (
				4ED36C292BD36CA000791861 /* HappyBookTests.swift */,
			);
			path = HappyBookTests;
			sourceTree = "<group>";
		};
		4ED36C322BD36CA000791861 /* HappyBookUITests */ = {
			isa = PBXGroup;
			children = (
				4ED36C332BD36CA000791861 /* HappyBookUITests.swift */,
				4ED36C352BD36CA000791861 /* HappyBookUITestsLaunchTests.swift */,
			);
			path = HappyBookUITests;
			sourceTree = "<group>";
		};
		4ED36C432BD37BC100791861 /* Resources */ = {
			isa = PBXGroup;
			children = (
				4ED36C1C2BD36C9F00791861 /* Assets.xcassets */,
				4ED36C7D2BDA888700791861 /* DivisionData.json */,
			);
			path = Resources;
			sourceTree = "<group>";
		};
		4ED36C442BD37BD600791861 /* Source */ = {
			isa = PBXGroup;
			children = (
				4ED36C182BD36C9E00791861 /* HappyBookApp.swift */,
				4ED36C452BD37C0100791861 /* User Interface */,
				4ED36C462BD37C0800791861 /* Model */,
				4ED36C472BD37C2900791861 /* Utils */,
			);
			path = Source;
			sourceTree = "<group>";
		};
		4ED36C452BD37C0100791861 /* User Interface */ = {
			isa = PBXGroup;
			children = (
				4ED36C502BD386D100791861 /* MainTabView.swift */,
				4ED36C4D2BD3866200791861 /* Login */,
				4ED36C522BD3876B00791861 /* Account */,
				4ED36C532BD3877600791861 /* Statistics */,
				4ED36C542BD3878B00791861 /* Asset */,
				4ED36C552BD3879600791861 /* More */,
			);
			path = "User Interface";
			sourceTree = "<group>";
		};
		4ED36C462BD37C0800791861 /* Model */ = {
			isa = PBXGroup;
			children = (
				4ED36C782BDA858E00791861 /* Account.swift */,
				4ED36CB02BDFC31800791861 /* DailyAccount.swift */,
				4ED36C7F2BDA89C100791861 /* Asset.swift */,
				4ED36C812BDA96E900791861 /* Division.swift */,
				4ED36C832BDA998B00791861 /* Store.swift */,
				4ED36CAC2BDD2F9600791861 /* TabInfo.swift */,
				4ED36CAE2BDFB86F00791861 /* UserAccount.swift */,
			);
			path = Model;
			sourceTree = "<group>";
		};
		4ED36C472BD37C2900791861 /* Utils */ = {
			isa = PBXGroup;
			children = (
				4ED36C6D2BD530B700791861 /* ViewModifier */,
				4ED36C662BD41FE400791861 /* CustomView */,
				4ED36C482BD37FE100791861 /* Extension */,
			);
			path = Utils;
			sourceTree = "<group>";
		};
		4ED36C482BD37FE100791861 /* Extension */ = {
			isa = PBXGroup;
			children = (
				4ED36CA22BDD0CC500791861 /* DateExtension.swift */,
				4ED36C492BD37FF700791861 /* ColorExtension.swift */,
				4ED36C762BD7ECE400791861 /* KeyboardExtension.swift */,
				4ED36C852BDA9A1700791861 /* BundleExtension.swift */,
			);
			path = Extension;
			sourceTree = "<group>";
		};
		4ED36C4C2BD3848C00791861 /* Supporting Files */ = {
			isa = PBXGroup;
			children = (
				4ED36C4B2BD3822F00791861 /* Info.plist */,
			);
			path = "Supporting Files";
			sourceTree = "<group>";
		};
		4ED36C4D2BD3866200791861 /* Login */ = {
			isa = PBXGroup;
			children = (
				4ED36C4E2BD3869500791861 /* LoginView.swift */,
				4ED36C5C2BD3963700791861 /* KakaoSignInButton.swift */,
			);
			path = Login;
			sourceTree = "<group>";
		};
		4ED36C522BD3876B00791861 /* Account */ = {
			isa = PBXGroup;
			children = (
				4ED36C5E2BD41E9A00791861 /* AccountView.swift */,
				4ED36C692BD4E91900791861 /* AccountRow.swift */,
				4ED36CA42BDD0F5800791861 /* AccountTabMenuView.swift */,
				4ED36CAA2BDD130200791861 /* AccountFloatingButtonView.swift */,
				4ED36C872BDBE6D500791861 /* InsertAccount */,
			);
			path = Account;
			sourceTree = "<group>";
		};
		4ED36C532BD3877600791861 /* Statistics */ = {
			isa = PBXGroup;
			children = (
				4ED36C602BD41EA400791861 /* StatisticsView.swift */,
			);
			path = Statistics;
			sourceTree = "<group>";
		};
		4ED36C542BD3878B00791861 /* Asset */ = {
			isa = PBXGroup;
			children = (
				4ED36C622BD41EB000791861 /* AssetView.swift */,
			);
			path = Asset;
			sourceTree = "<group>";
		};
		4ED36C552BD3879600791861 /* More */ = {
			isa = PBXGroup;
			children = (
				4ED36C642BD41EB600791861 /* MoreView.swift */,
			);
			path = More;
			sourceTree = "<group>";
		};
		4ED36C662BD41FE400791861 /* CustomView */ = {
			isa = PBXGroup;
			children = (
				4ED36C672BD41FF200791861 /* Symbol.swift */,
				4ED36CA82BDD119300791861 /* DividerView.swift */,
			);
			path = CustomView;
			sourceTree = "<group>";
		};
		4ED36C6D2BD530B700791861 /* ViewModifier */ = {
			isa = PBXGroup;
			children = (
				4ED36C6E2BD530C200791861 /* CalendarPopup.swift */,
			);
			path = ViewModifier;
			sourceTree = "<group>";
		};
		4ED36C872BDBE6D500791861 /* InsertAccount */ = {
			isa = PBXGroup;
			children = (
				4ED36C722BD69D8100791861 /* InsertAccountView.swift */,
				4ED36C882BDBEB0700791861 /* InsertAccountNavigationView.swift */,
				4ED36C8A2BDBEC5700791861 /* InsertAccountContentsView.swift */,
				4ED36C8C2BDBF2DA00791861 /* DateInputView.swift */,
				4ED36C8E2BDBF34500791861 /* PriceInputView.swift */,
				4ED36C902BDBF5E700791861 /* DivisionInputView.swift */,
				4ED36C922BDBF66900791861 /* DivisionModalView.swift */,
				4ED36C942BDBF6A700791861 /* DIvisionCategoryButton.swift */,
				4ED36C962BDBF83E00791861 /* AssetInputView.swift */,
				4ED36C982BDBF89600791861 /* AssetModalView.swift */,
				4ED36C9A2BDBF8B100791861 /* AssetCategoryButton.swift */,
				4ED36C9C2BDBF97D00791861 /* ContentsInputView.swift */,
				4ED36C9E2BDBF9ED00791861 /* MemoInputView.swift */,
				4ED36CA02BDBFA5000791861 /* SaveButtonView.swift */,
			);
			path = InsertAccount;
			sourceTree = "<group>";
		};
/* End PBXGroup section */

/* Begin PBXNativeTarget section */
		4ED36C142BD36C9E00791861 /* HappyBook */ = {
			isa = PBXNativeTarget;
			buildConfigurationList = 4ED36C392BD36CA000791861 /* Build configuration list for PBXNativeTarget "HappyBook" */;
			buildPhases = (
				4ED36C112BD36C9E00791861 /* Sources */,
				4ED36C122BD36C9E00791861 /* Frameworks */,
				4ED36C132BD36C9E00791861 /* Resources */,
			);
			buildRules = (
			);
			dependencies = (
			);
			name = HappyBook;
			packageProductDependencies = (
				4ED36C5A2BD3925500791861 /* KakaoSDK */,
			);
			productName = HappyBook;
			productReference = 4ED36C152BD36C9E00791861 /* HappyBook.app */;
			productType = "com.apple.product-type.application";
		};
		4ED36C242BD36CA000791861 /* HappyBookTests */ = {
			isa = PBXNativeTarget;
			buildConfigurationList = 4ED36C3C2BD36CA000791861 /* Build configuration list for PBXNativeTarget "HappyBookTests" */;
			buildPhases = (
				4ED36C212BD36CA000791861 /* Sources */,
				4ED36C222BD36CA000791861 /* Frameworks */,
				4ED36C232BD36CA000791861 /* Resources */,
			);
			buildRules = (
			);
			dependencies = (
				4ED36C272BD36CA000791861 /* PBXTargetDependency */,
			);
			name = HappyBookTests;
			productName = HappyBookTests;
			productReference = 4ED36C252BD36CA000791861 /* HappyBookTests.xctest */;
			productType = "com.apple.product-type.bundle.unit-test";
		};
		4ED36C2E2BD36CA000791861 /* HappyBookUITests */ = {
			isa = PBXNativeTarget;
			buildConfigurationList = 4ED36C3F2BD36CA000791861 /* Build configuration list for PBXNativeTarget "HappyBookUITests" */;
			buildPhases = (
				4ED36C2B2BD36CA000791861 /* Sources */,
				4ED36C2C2BD36CA000791861 /* Frameworks */,
				4ED36C2D2BD36CA000791861 /* Resources */,
			);
			buildRules = (
			);
			dependencies = (
				4ED36C312BD36CA000791861 /* PBXTargetDependency */,
			);
			name = HappyBookUITests;
			productName = HappyBookUITests;
			productReference = 4ED36C2F2BD36CA000791861 /* HappyBookUITests.xctest */;
			productType = "com.apple.product-type.bundle.ui-testing";
		};
/* End PBXNativeTarget section */

/* Begin PBXProject section */
		4ED36C0D2BD36C9E00791861 /* Project object */ = {
			isa = PBXProject;
			attributes = {
				BuildIndependentTargetsInParallel = 1;
				LastSwiftUpdateCheck = 1530;
				LastUpgradeCheck = 1530;
				TargetAttributes = {
					4ED36C142BD36C9E00791861 = {
						CreatedOnToolsVersion = 15.3;
					};
					4ED36C242BD36CA000791861 = {
						CreatedOnToolsVersion = 15.3;
						TestTargetID = 4ED36C142BD36C9E00791861;
					};
					4ED36C2E2BD36CA000791861 = {
						CreatedOnToolsVersion = 15.3;
						TestTargetID = 4ED36C142BD36C9E00791861;
					};
				};
			};
			buildConfigurationList = 4ED36C102BD36C9E00791861 /* Build configuration list for PBXProject "HappyBook" */;
			compatibilityVersion = "Xcode 14.0";
			developmentRegion = en;
			hasScannedForEncodings = 0;
			knownRegions = (
				en,
				Base,
				ko,
			);
			mainGroup = 4ED36C0C2BD36C9E00791861;
			packageReferences = (
				4ED36C592BD3925500791861 /* XCRemoteSwiftPackageReference "kakao-ios-sdk" */,
			);
			productRefGroup = 4ED36C162BD36C9E00791861 /* Products */;
			projectDirPath = "";
			projectRoot = "";
			targets = (
				4ED36C142BD36C9E00791861 /* HappyBook */,
				4ED36C242BD36CA000791861 /* HappyBookTests */,
				4ED36C2E2BD36CA000791861 /* HappyBookUITests */,
			);
		};
/* End PBXProject section */

/* Begin PBXResourcesBuildPhase section */
		4ED36C132BD36C9E00791861 /* Resources */ = {
			isa = PBXResourcesBuildPhase;
			buildActionMask = 2147483647;
			files = (
				4ED36C202BD36C9F00791861 /* Preview Assets.xcassets in Resources */,
				4ED36C7E2BDA888700791861 /* DivisionData.json in Resources */,
				4ED36C1D2BD36C9F00791861 /* Assets.xcassets in Resources */,
			);
			runOnlyForDeploymentPostprocessing = 0;
		};
		4ED36C232BD36CA000791861 /* Resources */ = {
			isa = PBXResourcesBuildPhase;
			buildActionMask = 2147483647;
			files = (
			);
			runOnlyForDeploymentPostprocessing = 0;
		};
		4ED36C2D2BD36CA000791861 /* Resources */ = {
			isa = PBXResourcesBuildPhase;
			buildActionMask = 2147483647;
			files = (
			);
			runOnlyForDeploymentPostprocessing = 0;
		};
/* End PBXResourcesBuildPhase section */

/* Begin PBXSourcesBuildPhase section */
		4ED36C112BD36C9E00791861 /* Sources */ = {
			isa = PBXSourcesBuildPhase;
			buildActionMask = 2147483647;
			files = (
				4ED36C5F2BD41E9A00791861 /* AccountView.swift in Sources */,
				4ED36C6F2BD530C200791861 /* CalendarPopup.swift in Sources */,
				4ED36C682BD41FF200791861 /* Symbol.swift in Sources */,
				4ED36C9B2BDBF8B100791861 /* AssetCategoryButton.swift in Sources */,
				4ED36C992BDBF89600791861 /* AssetModalView.swift in Sources */,
				4ED36C8D2BDBF2DA00791861 /* DateInputView.swift in Sources */,
				4ED36C842BDA998B00791861 /* Store.swift in Sources */,
				4ED36C862BDA9A1700791861 /* BundleExtension.swift in Sources */,
				4ED36C822BDA96E900791861 /* Division.swift in Sources */,
				4ED36CA92BDD119300791861 /* DividerView.swift in Sources */,
				4ED36CAB2BDD130200791861 /* AccountFloatingButtonView.swift in Sources */,
				4ED36C652BD41EB600791861 /* MoreView.swift in Sources */,
				4ED36C4A2BD37FF700791861 /* ColorExtension.swift in Sources */,
				4ED36C792BDA858E00791861 /* Account.swift in Sources */,
				4ED36C802BDA89C100791861 /* Asset.swift in Sources */,
				4ED36CA52BDD0F5800791861 /* AccountTabMenuView.swift in Sources */,
				4ED36C4F2BD3869500791861 /* LoginView.swift in Sources */,
				4ED36CAD2BDD2F9600791861 /* TabInfo.swift in Sources */,
				4ED36C972BDBF83E00791861 /* AssetInputView.swift in Sources */,
				4ED36C8F2BDBF34500791861 /* PriceInputView.swift in Sources */,
				4ED36C932BDBF66900791861 /* DivisionModalView.swift in Sources */,
				4ED36C912BDBF5E700791861 /* DivisionInputView.swift in Sources */,
				4ED36C612BD41EA400791861 /* StatisticsView.swift in Sources */,
				4ED36CB12BDFC31800791861 /* DailyAccount.swift in Sources */,
				4ED36C952BDBF6A700791861 /* DIvisionCategoryButton.swift in Sources */,
				4ED36CAF2BDFB86F00791861 /* UserAccount.swift in Sources */,
				4ED36C732BD69D8100791861 /* InsertAccountView.swift in Sources */,
				4ED36CA12BDBFA5000791861 /* SaveButtonView.swift in Sources */,
				4ED36C8B2BDBEC5700791861 /* InsertAccountContentsView.swift in Sources */,
				4ED36C772BD7ECE400791861 /* KeyboardExtension.swift in Sources */,
				4ED36C192BD36C9E00791861 /* HappyBookApp.swift in Sources */,
				4ED36C892BDBEB0700791861 /* InsertAccountNavigationView.swift in Sources */,
				4ED36C6A2BD4E91900791861 /* AccountRow.swift in Sources */,
				4ED36C632BD41EB000791861 /* AssetView.swift in Sources */,
				4ED36CA32BDD0CC500791861 /* DateExtension.swift in Sources */,
				4ED36C5D2BD3963700791861 /* KakaoSignInButton.swift in Sources */,
				4ED36C512BD386D100791861 /* MainTabView.swift in Sources */,
				4ED36C9D2BDBF97D00791861 /* ContentsInputView.swift in Sources */,
				4ED36C9F2BDBF9ED00791861 /* MemoInputView.swift in Sources */,
			);
			runOnlyForDeploymentPostprocessing = 0;
		};
		4ED36C212BD36CA000791861 /* Sources */ = {
			isa = PBXSourcesBuildPhase;
			buildActionMask = 2147483647;
			files = (
				4ED36C2A2BD36CA000791861 /* HappyBookTests.swift in Sources */,
			);
			runOnlyForDeploymentPostprocessing = 0;
		};
		4ED36C2B2BD36CA000791861 /* Sources */ = {
			isa = PBXSourcesBuildPhase;
			buildActionMask = 2147483647;
			files = (
				4ED36C362BD36CA000791861 /* HappyBookUITestsLaunchTests.swift in Sources */,
				4ED36C342BD36CA000791861 /* HappyBookUITests.swift in Sources */,
			);
			runOnlyForDeploymentPostprocessing = 0;
		};
/* End PBXSourcesBuildPhase section */

/* Begin PBXTargetDependency section */
		4ED36C272BD36CA000791861 /* PBXTargetDependency */ = {
			isa = PBXTargetDependency;
			target = 4ED36C142BD36C9E00791861 /* HappyBook */;
			targetProxy = 4ED36C262BD36CA000791861 /* PBXContainerItemProxy */;
		};
		4ED36C312BD36CA000791861 /* PBXTargetDependency */ = {
			isa = PBXTargetDependency;
			target = 4ED36C142BD36C9E00791861 /* HappyBook */;
			targetProxy = 4ED36C302BD36CA000791861 /* PBXContainerItemProxy */;
		};
/* End PBXTargetDependency section */

/* Begin XCBuildConfiguration section */
		4ED36C372BD36CA000791861 /* Debug */ = {
			isa = XCBuildConfiguration;
			buildSettings = {
				ALWAYS_SEARCH_USER_PATHS = NO;
				ASSETCATALOG_COMPILER_GENERATE_SWIFT_ASSET_SYMBOL_EXTENSIONS = YES;
				CLANG_ANALYZER_NONNULL = YES;
				CLANG_ANALYZER_NUMBER_OBJECT_CONVERSION = YES_AGGRESSIVE;
				CLANG_CXX_LANGUAGE_STANDARD = "gnu++20";
				CLANG_ENABLE_MODULES = YES;
				CLANG_ENABLE_OBJC_ARC = YES;
				CLANG_ENABLE_OBJC_WEAK = YES;
				CLANG_WARN_BLOCK_CAPTURE_AUTORELEASING = YES;
				CLANG_WARN_BOOL_CONVERSION = YES;
				CLANG_WARN_COMMA = YES;
				CLANG_WARN_CONSTANT_CONVERSION = YES;
				CLANG_WARN_DEPRECATED_OBJC_IMPLEMENTATIONS = YES;
				CLANG_WARN_DIRECT_OBJC_ISA_USAGE = YES_ERROR;
				CLANG_WARN_DOCUMENTATION_COMMENTS = YES;
				CLANG_WARN_EMPTY_BODY = YES;
				CLANG_WARN_ENUM_CONVERSION = YES;
				CLANG_WARN_INFINITE_RECURSION = YES;
				CLANG_WARN_INT_CONVERSION = YES;
				CLANG_WARN_NON_LITERAL_NULL_CONVERSION = YES;
				CLANG_WARN_OBJC_IMPLICIT_RETAIN_SELF = YES;
				CLANG_WARN_OBJC_LITERAL_CONVERSION = YES;
				CLANG_WARN_OBJC_ROOT_CLASS = YES_ERROR;
				CLANG_WARN_QUOTED_INCLUDE_IN_FRAMEWORK_HEADER = YES;
				CLANG_WARN_RANGE_LOOP_ANALYSIS = YES;
				CLANG_WARN_STRICT_PROTOTYPES = YES;
				CLANG_WARN_SUSPICIOUS_MOVE = YES;
				CLANG_WARN_UNGUARDED_AVAILABILITY = YES_AGGRESSIVE;
				CLANG_WARN_UNREACHABLE_CODE = YES;
				CLANG_WARN__DUPLICATE_METHOD_MATCH = YES;
				COPY_PHASE_STRIP = NO;
				DEBUG_INFORMATION_FORMAT = dwarf;
				ENABLE_STRICT_OBJC_MSGSEND = YES;
				ENABLE_TESTABILITY = YES;
				ENABLE_USER_SCRIPT_SANDBOXING = YES;
				GCC_C_LANGUAGE_STANDARD = gnu17;
				GCC_DYNAMIC_NO_PIC = NO;
				GCC_NO_COMMON_BLOCKS = YES;
				GCC_OPTIMIZATION_LEVEL = 0;
				GCC_PREPROCESSOR_DEFINITIONS = (
					"DEBUG=1",
					"$(inherited)",
				);
				GCC_WARN_64_TO_32_BIT_CONVERSION = YES;
				GCC_WARN_ABOUT_RETURN_TYPE = YES_ERROR;
				GCC_WARN_UNDECLARED_SELECTOR = YES;
				GCC_WARN_UNINITIALIZED_AUTOS = YES_AGGRESSIVE;
				GCC_WARN_UNUSED_FUNCTION = YES;
				GCC_WARN_UNUSED_VARIABLE = YES;
				IPHONEOS_DEPLOYMENT_TARGET = 17.4;
				LOCALIZATION_PREFERS_STRING_CATALOGS = YES;
				MTL_ENABLE_DEBUG_INFO = INCLUDE_SOURCE;
				MTL_FAST_MATH = YES;
				ONLY_ACTIVE_ARCH = YES;
				SDKROOT = iphoneos;
				SWIFT_ACTIVE_COMPILATION_CONDITIONS = "DEBUG $(inherited)";
				SWIFT_OPTIMIZATION_LEVEL = "-Onone";
			};
			name = Debug;
		};
		4ED36C382BD36CA000791861 /* Release */ = {
			isa = XCBuildConfiguration;
			buildSettings = {
				ALWAYS_SEARCH_USER_PATHS = NO;
				ASSETCATALOG_COMPILER_GENERATE_SWIFT_ASSET_SYMBOL_EXTENSIONS = YES;
				CLANG_ANALYZER_NONNULL = YES;
				CLANG_ANALYZER_NUMBER_OBJECT_CONVERSION = YES_AGGRESSIVE;
				CLANG_CXX_LANGUAGE_STANDARD = "gnu++20";
				CLANG_ENABLE_MODULES = YES;
				CLANG_ENABLE_OBJC_ARC = YES;
				CLANG_ENABLE_OBJC_WEAK = YES;
				CLANG_WARN_BLOCK_CAPTURE_AUTORELEASING = YES;
				CLANG_WARN_BOOL_CONVERSION = YES;
				CLANG_WARN_COMMA = YES;
				CLANG_WARN_CONSTANT_CONVERSION = YES;
				CLANG_WARN_DEPRECATED_OBJC_IMPLEMENTATIONS = YES;
				CLANG_WARN_DIRECT_OBJC_ISA_USAGE = YES_ERROR;
				CLANG_WARN_DOCUMENTATION_COMMENTS = YES;
				CLANG_WARN_EMPTY_BODY = YES;
				CLANG_WARN_ENUM_CONVERSION = YES;
				CLANG_WARN_INFINITE_RECURSION = YES;
				CLANG_WARN_INT_CONVERSION = YES;
				CLANG_WARN_NON_LITERAL_NULL_CONVERSION = YES;
				CLANG_WARN_OBJC_IMPLICIT_RETAIN_SELF = YES;
				CLANG_WARN_OBJC_LITERAL_CONVERSION = YES;
				CLANG_WARN_OBJC_ROOT_CLASS = YES_ERROR;
				CLANG_WARN_QUOTED_INCLUDE_IN_FRAMEWORK_HEADER = YES;
				CLANG_WARN_RANGE_LOOP_ANALYSIS = YES;
				CLANG_WARN_STRICT_PROTOTYPES = YES;
				CLANG_WARN_SUSPICIOUS_MOVE = YES;
				CLANG_WARN_UNGUARDED_AVAILABILITY = YES_AGGRESSIVE;
				CLANG_WARN_UNREACHABLE_CODE = YES;
				CLANG_WARN__DUPLICATE_METHOD_MATCH = YES;
				COPY_PHASE_STRIP = NO;
				DEBUG_INFORMATION_FORMAT = "dwarf-with-dsym";
				ENABLE_NS_ASSERTIONS = NO;
				ENABLE_STRICT_OBJC_MSGSEND = YES;
				ENABLE_USER_SCRIPT_SANDBOXING = YES;
				GCC_C_LANGUAGE_STANDARD = gnu17;
				GCC_NO_COMMON_BLOCKS = YES;
				GCC_WARN_64_TO_32_BIT_CONVERSION = YES;
				GCC_WARN_ABOUT_RETURN_TYPE = YES_ERROR;
				GCC_WARN_UNDECLARED_SELECTOR = YES;
				GCC_WARN_UNINITIALIZED_AUTOS = YES_AGGRESSIVE;
				GCC_WARN_UNUSED_FUNCTION = YES;
				GCC_WARN_UNUSED_VARIABLE = YES;
				IPHONEOS_DEPLOYMENT_TARGET = 17.4;
				LOCALIZATION_PREFERS_STRING_CATALOGS = YES;
				MTL_ENABLE_DEBUG_INFO = NO;
				MTL_FAST_MATH = YES;
				SDKROOT = iphoneos;
				SWIFT_COMPILATION_MODE = wholemodule;
				VALIDATE_PRODUCT = YES;
			};
			name = Release;
		};
		4ED36C3A2BD36CA000791861 /* Debug */ = {
			isa = XCBuildConfiguration;
			buildSettings = {
				ASSETCATALOG_COMPILER_APPICON_NAME = AppIcon;
				ASSETCATALOG_COMPILER_GLOBAL_ACCENT_COLOR_NAME = AccentColor;
				CODE_SIGN_STYLE = Automatic;
				CURRENT_PROJECT_VERSION = 1;
				DEVELOPMENT_ASSET_PATHS = "\"HappyBook/Preview Content\"";
				ENABLE_PREVIEWS = YES;
				GENERATE_INFOPLIST_FILE = YES;
				INFOPLIST_FILE = "HappyBook/Supporting Files/Info.plist";
				INFOPLIST_KEY_CFBundleDisplayName = "";
				INFOPLIST_KEY_LSApplicationCategoryType = "";
				INFOPLIST_KEY_UIApplicationSceneManifest_Generation = YES;
				INFOPLIST_KEY_UIApplicationSupportsIndirectInputEvents = YES;
				INFOPLIST_KEY_UISupportedInterfaceOrientations_iPad = "UIInterfaceOrientationPortrait UIInterfaceOrientationPortraitUpsideDown UIInterfaceOrientationLandscapeLeft UIInterfaceOrientationLandscapeRight";
				INFOPLIST_KEY_UISupportedInterfaceOrientations_iPhone = "UIInterfaceOrientationPortrait UIInterfaceOrientationLandscapeLeft UIInterfaceOrientationLandscapeRight";
				IPHONEOS_DEPLOYMENT_TARGET = 16.0;
				LD_RUNPATH_SEARCH_PATHS = (
					"$(inherited)",
					"@executable_path/Frameworks",
				);
				MARKETING_VERSION = 1.0;
				PRODUCT_BUNDLE_IDENTIFIER = com.woghks131.HappyBook;
				PRODUCT_NAME = "$(TARGET_NAME)";
				SUPPORTED_PLATFORMS = "iphoneos iphonesimulator";
				SUPPORTS_MACCATALYST = NO;
				SUPPORTS_MAC_DESIGNED_FOR_IPHONE_IPAD = NO;
				SUPPORTS_XR_DESIGNED_FOR_IPHONE_IPAD = NO;
				SWIFT_EMIT_LOC_STRINGS = YES;
				SWIFT_VERSION = 5.0;
				TARGETED_DEVICE_FAMILY = "1,2";
			};
			name = Debug;
		};
		4ED36C3B2BD36CA000791861 /* Release */ = {
			isa = XCBuildConfiguration;
			buildSettings = {
				ASSETCATALOG_COMPILER_APPICON_NAME = AppIcon;
				ASSETCATALOG_COMPILER_GLOBAL_ACCENT_COLOR_NAME = AccentColor;
				CODE_SIGN_STYLE = Automatic;
				CURRENT_PROJECT_VERSION = 1;
				DEVELOPMENT_ASSET_PATHS = "\"HappyBook/Preview Content\"";
				ENABLE_PREVIEWS = YES;
				GENERATE_INFOPLIST_FILE = YES;
				INFOPLIST_FILE = "HappyBook/Supporting Files/Info.plist";
				INFOPLIST_KEY_CFBundleDisplayName = "";
				INFOPLIST_KEY_LSApplicationCategoryType = "";
				INFOPLIST_KEY_UIApplicationSceneManifest_Generation = YES;
				INFOPLIST_KEY_UIApplicationSupportsIndirectInputEvents = YES;
				INFOPLIST_KEY_UISupportedInterfaceOrientations_iPad = "UIInterfaceOrientationPortrait UIInterfaceOrientationPortraitUpsideDown UIInterfaceOrientationLandscapeLeft UIInterfaceOrientationLandscapeRight";
				INFOPLIST_KEY_UISupportedInterfaceOrientations_iPhone = "UIInterfaceOrientationPortrait UIInterfaceOrientationLandscapeLeft UIInterfaceOrientationLandscapeRight";
				IPHONEOS_DEPLOYMENT_TARGET = 16.0;
				LD_RUNPATH_SEARCH_PATHS = (
					"$(inherited)",
					"@executable_path/Frameworks",
				);
				MARKETING_VERSION = 1.0;
				PRODUCT_BUNDLE_IDENTIFIER = com.woghks131.HappyBook;
				PRODUCT_NAME = "$(TARGET_NAME)";
				SUPPORTED_PLATFORMS = "iphoneos iphonesimulator";
				SUPPORTS_MACCATALYST = NO;
				SUPPORTS_MAC_DESIGNED_FOR_IPHONE_IPAD = NO;
				SUPPORTS_XR_DESIGNED_FOR_IPHONE_IPAD = NO;
				SWIFT_EMIT_LOC_STRINGS = YES;
				SWIFT_VERSION = 5.0;
				TARGETED_DEVICE_FAMILY = "1,2";
			};
			name = Release;
		};
		4ED36C3D2BD36CA000791861 /* Debug */ = {
			isa = XCBuildConfiguration;
			buildSettings = {
				ALWAYS_EMBED_SWIFT_STANDARD_LIBRARIES = YES;
				BUNDLE_LOADER = "$(TEST_HOST)";
				CODE_SIGN_STYLE = Automatic;
				CURRENT_PROJECT_VERSION = 1;
				GENERATE_INFOPLIST_FILE = YES;
				IPHONEOS_DEPLOYMENT_TARGET = 17.4;
				MARKETING_VERSION = 1.0;
				PRODUCT_BUNDLE_IDENTIFIER = com.woghks131.HappyBookTests;
				PRODUCT_NAME = "$(TARGET_NAME)";
				SWIFT_EMIT_LOC_STRINGS = NO;
				SWIFT_VERSION = 5.0;
				TARGETED_DEVICE_FAMILY = "1,2";
				TEST_HOST = "$(BUILT_PRODUCTS_DIR)/HappyBook.app/$(BUNDLE_EXECUTABLE_FOLDER_PATH)/HappyBook";
			};
			name = Debug;
		};
		4ED36C3E2BD36CA000791861 /* Release */ = {
			isa = XCBuildConfiguration;
			buildSettings = {
				ALWAYS_EMBED_SWIFT_STANDARD_LIBRARIES = YES;
				BUNDLE_LOADER = "$(TEST_HOST)";
				CODE_SIGN_STYLE = Automatic;
				CURRENT_PROJECT_VERSION = 1;
				GENERATE_INFOPLIST_FILE = YES;
				IPHONEOS_DEPLOYMENT_TARGET = 17.4;
				MARKETING_VERSION = 1.0;
				PRODUCT_BUNDLE_IDENTIFIER = com.woghks131.HappyBookTests;
				PRODUCT_NAME = "$(TARGET_NAME)";
				SWIFT_EMIT_LOC_STRINGS = NO;
				SWIFT_VERSION = 5.0;
				TARGETED_DEVICE_FAMILY = "1,2";
				TEST_HOST = "$(BUILT_PRODUCTS_DIR)/HappyBook.app/$(BUNDLE_EXECUTABLE_FOLDER_PATH)/HappyBook";
			};
			name = Release;
		};
		4ED36C402BD36CA000791861 /* Debug */ = {
			isa = XCBuildConfiguration;
			buildSettings = {
				ALWAYS_EMBED_SWIFT_STANDARD_LIBRARIES = YES;
				CODE_SIGN_STYLE = Automatic;
				CURRENT_PROJECT_VERSION = 1;
				GENERATE_INFOPLIST_FILE = YES;
				MARKETING_VERSION = 1.0;
				PRODUCT_BUNDLE_IDENTIFIER = com.woghks131.HappyBookUITests;
				PRODUCT_NAME = "$(TARGET_NAME)";
				SWIFT_EMIT_LOC_STRINGS = NO;
				SWIFT_VERSION = 5.0;
				TARGETED_DEVICE_FAMILY = "1,2";
				TEST_TARGET_NAME = HappyBook;
			};
			name = Debug;
		};
		4ED36C412BD36CA000791861 /* Release */ = {
			isa = XCBuildConfiguration;
			buildSettings = {
				ALWAYS_EMBED_SWIFT_STANDARD_LIBRARIES = YES;
				CODE_SIGN_STYLE = Automatic;
				CURRENT_PROJECT_VERSION = 1;
				GENERATE_INFOPLIST_FILE = YES;
				MARKETING_VERSION = 1.0;
				PRODUCT_BUNDLE_IDENTIFIER = com.woghks131.HappyBookUITests;
				PRODUCT_NAME = "$(TARGET_NAME)";
				SWIFT_EMIT_LOC_STRINGS = NO;
				SWIFT_VERSION = 5.0;
				TARGETED_DEVICE_FAMILY = "1,2";
				TEST_TARGET_NAME = HappyBook;
			};
			name = Release;
		};
/* End XCBuildConfiguration section */

/* Begin XCConfigurationList section */
		4ED36C102BD36C9E00791861 /* Build configuration list for PBXProject "HappyBook" */ = {
			isa = XCConfigurationList;
			buildConfigurations = (
				4ED36C372BD36CA000791861 /* Debug */,
				4ED36C382BD36CA000791861 /* Release */,
			);
			defaultConfigurationIsVisible = 0;
			defaultConfigurationName = Release;
		};
		4ED36C392BD36CA000791861 /* Build configuration list for PBXNativeTarget "HappyBook" */ = {
			isa = XCConfigurationList;
			buildConfigurations = (
				4ED36C3A2BD36CA000791861 /* Debug */,
				4ED36C3B2BD36CA000791861 /* Release */,
			);
			defaultConfigurationIsVisible = 0;
			defaultConfigurationName = Release;
		};
		4ED36C3C2BD36CA000791861 /* Build configuration list for PBXNativeTarget "HappyBookTests" */ = {
			isa = XCConfigurationList;
			buildConfigurations = (
				4ED36C3D2BD36CA000791861 /* Debug */,
				4ED36C3E2BD36CA000791861 /* Release */,
			);
			defaultConfigurationIsVisible = 0;
			defaultConfigurationName = Release;
		};
		4ED36C3F2BD36CA000791861 /* Build configuration list for PBXNativeTarget "HappyBookUITests" */ = {
			isa = XCConfigurationList;
			buildConfigurations = (
				4ED36C402BD36CA000791861 /* Debug */,
				4ED36C412BD36CA000791861 /* Release */,
			);
			defaultConfigurationIsVisible = 0;
			defaultConfigurationName = Release;
		};
/* End XCConfigurationList section */

/* Begin XCRemoteSwiftPackageReference section */
		4ED36C592BD3925500791861 /* XCRemoteSwiftPackageReference "kakao-ios-sdk" */ = {
			isa = XCRemoteSwiftPackageReference;
			repositoryURL = "https://github.com/kakao/kakao-ios-sdk";
			requirement = {
				branch = master;
				kind = branch;
			};
		};
/* End XCRemoteSwiftPackageReference section */

/* Begin XCSwiftPackageProductDependency section */
		4ED36C5A2BD3925500791861 /* KakaoSDK */ = {
			isa = XCSwiftPackageProductDependency;
			package = 4ED36C592BD3925500791861 /* XCRemoteSwiftPackageReference "kakao-ios-sdk" */;
			productName = KakaoSDK;
		};
/* End XCSwiftPackageProductDependency section */
	};
	rootObject = 4ED36C0D2BD36C9E00791861 /* Project object */;
}
